
Microsoft Visual Studio Solution File, Format Version 12.00
# Visual Studio Version 16
VisualStudioVersion = 16.0.30011.22
MinimumVisualStudioVersion = 10.0.40219.1
Project("{FAE04EC0-301F-11D3-BF4B-00C04F79EFBC}") = "WebDemo", "WebDemo\WebDemo.csproj", "{554FA20B-F076-45B8-A2D7-6E33FEBC357E}"
EndProject
Global
	GlobalSection(SolutionConfigurationPlatforms) = preSolution
		Debug|Any CPU = Debug|Any CPU
		Release|Any CPU = Release|Any CPU
	EndGlobalSection
	GlobalSection(ProjectConfigurationPlatforms) = postSolution
		{554FA20B-F076-45B8-A2D7-6E33FEBC357E}.Debug|Any CPU.ActiveCfg = Debug|Any CPU
		{554FA20B-F076-45B8-A2D7-6E33FEBC357E}.Debug|Any CPU.Build.0 = Debug|Any CPU
		{554FA20B-F076-45B8-A2D7-6E33FEBC357E}.Release|Any CPU.ActiveCfg = Release|Any CPU
		{554FA20B-F076-45B8-A2D7-6E33FEBC357E}.Release|Any CPU.Build.0 = Release|Any CPU
	EndGlobalSection
	GlobalSection(SolutionProperties) = preSolution
		HideSolutionNode = FALSE
	EndGlobalSection
	GlobalSection(ExtensibilityGlobals) = postSolution
		SolutionGuid = {27056BD0-2DCB-43B8-9B09-CD46ED2B057B}
	EndGlobalSection
EndGlobal
